
Microsoft Visual Studio Solution File, Format Version 12.00
# Visual Studio 15
VisualStudioVersion = 15.0.27130.2036
MinimumVisualStudioVersion = 15.0.26124.0
Project("{2150E333-8FDC-42A3-9474-1A3956D46DE8}") = "src", "src", "{12BE367B-569F-4C2E-AC15-876709C119D1}"
EndProject
Project("{2150E333-8FDC-42A3-9474-1A3956D46DE8}") = "test", "test", "{4365A8C8-7144-4EF6-81D6-9F338605A195}"
EndProject
Project("{2150E333-8FDC-42A3-9474-1A3956D46DE8}") = "Solution Items", "Solution Items", "{CF44FF95-1672-405F-8C35-117A8363A294}"
	ProjectSection(SolutionItems) = preProject
		.editorconfig = .editorconfig
		.gitignore = .gitignore
		src\AssemblyInfo.cs = src\AssemblyInfo.cs
		.circleci\config.yml = .circleci\config.yml
		README.md = README.md
		README.Nuget.md = README.Nuget.md
	EndProjectSection
EndProject
Project("{9A19103F-16F7-4668-BE54-9A1E7A4F7556}") = "Orleans.CosmosDB.Tests", "test\Orleans.CosmosDB.Tests\Orleans.CosmosDB.Tests.csproj", "{854C2279-F38E-489F-81C4-F108E91F71BC}"
EndProject
Project("{9A19103F-16F7-4668-BE54-9A1E7A4F7556}") = "Orleans.Clustering.CosmosDB", "src\Orleans.Clustering.CosmosDB\Orleans.Clustering.CosmosDB.csproj", "{E388AE16-3DE3-4181-AF2F-B880A78584AB}"
EndProject
Project("{9A19103F-16F7-4668-BE54-9A1E7A4F7556}") = "Orleans.Persistence.CosmosDB", "src\Orleans.Persistence.CosmosDB\Orleans.Persistence.CosmosDB.csproj", "{1262090F-EDB2-47F1-AC69-48195CDFFBE6}"
EndProject
Project("{9A19103F-16F7-4668-BE54-9A1E7A4F7556}") = "Orleans.Reminders.CosmosDB", "src\Orleans.Reminders.CosmosDB\Orleans.Reminders.CosmosDB.csproj", "{E82D600B-2C44-4458-AB68-BCC25DE16631}"
EndProject
Project("{FAE04EC0-301F-11D3-BF4B-00C04F79EFBC}") = "Orleans.Streaming.CosmosDB", "src\Orleans.Streaming.CosmosDB\Orleans.Streaming.CosmosDB.csproj", "{97AC434A-A072-44E4-B8F3-CCFD87A94F08}"
EndProject
Global
	GlobalSection(SolutionConfigurationPlatforms) = preSolution
		Debug|Any CPU = Debug|Any CPU
		Debug|x64 = Debug|x64
		Debug|x86 = Debug|x86
		Release|Any CPU = Release|Any CPU
		Release|x64 = Release|x64
		Release|x86 = Release|x86
	EndGlobalSection
	GlobalSection(ProjectConfigurationPlatforms) = postSolution
		{854C2279-F38E-489F-81C4-F108E91F71BC}.Debug|Any CPU.ActiveCfg = Debug|Any CPU
		{854C2279-F38E-489F-81C4-F108E91F71BC}.Debug|Any CPU.Build.0 = Debug|Any CPU
		{854C2279-F38E-489F-81C4-F108E91F71BC}.Debug|x64.ActiveCfg = Debug|Any CPU
		{854C2279-F38E-489F-81C4-F108E91F71BC}.Debug|x64.Build.0 = Debug|Any CPU
		{854C2279-F38E-489F-81C4-F108E91F71BC}.Debug|x86.ActiveCfg = Debug|Any CPU
		{854C2279-F38E-489F-81C4-F108E91F71BC}.Debug|x86.Build.0 = Debug|Any CPU
		{854C2279-F38E-489F-81C4-F108E91F71BC}.Release|Any CPU.ActiveCfg = Release|Any CPU
		{854C2279-F38E-489F-81C4-F108E91F71BC}.Release|Any CPU.Build.0 = Release|Any CPU
		{854C2279-F38E-489F-81C4-F108E91F71BC}.Release|x64.ActiveCfg = Release|Any CPU
		{854C2279-F38E-489F-81C4-F108E91F71BC}.Release|x64.Build.0 = Release|Any CPU
		{854C2279-F38E-489F-81C4-F108E91F71BC}.Release|x86.ActiveCfg = Release|Any CPU
		{854C2279-F38E-489F-81C4-F108E91F71BC}.Release|x86.Build.0 = Release|Any CPU
		{E388AE16-3DE3-4181-AF2F-B880A78584AB}.Debug|Any CPU.ActiveCfg = Debug|Any CPU
		{E388AE16-3DE3-4181-AF2F-B880A78584AB}.Debug|Any CPU.Build.0 = Debug|Any CPU
		{E388AE16-3DE3-4181-AF2F-B880A78584AB}.Debug|x64.ActiveCfg = Debug|Any CPU
		{E388AE16-3DE3-4181-AF2F-B880A78584AB}.Debug|x64.Build.0 = Debug|Any CPU
		{E388AE16-3DE3-4181-AF2F-B880A78584AB}.Debug|x86.ActiveCfg = Debug|Any CPU
		{E388AE16-3DE3-4181-AF2F-B880A78584AB}.Debug|x86.Build.0 = Debug|Any CPU
		{E388AE16-3DE3-4181-AF2F-B880A78584AB}.Release|Any CPU.ActiveCfg = Release|Any CPU
		{E388AE16-3DE3-4181-AF2F-B880A78584AB}.Release|Any CPU.Build.0 = Release|Any CPU
		{E388AE16-3DE3-4181-AF2F-B880A78584AB}.Release|x64.ActiveCfg = Release|Any CPU
		{E388AE16-3DE3-4181-AF2F-B880A78584AB}.Release|x64.Build.0 = Release|Any CPU
		{E388AE16-3DE3-4181-AF2F-B880A78584AB}.Release|x86.ActiveCfg = Release|Any CPU
		{E388AE16-3DE3-4181-AF2F-B880A78584AB}.Release|x86.Build.0 = Release|Any CPU
		{1262090F-EDB2-47F1-AC69-48195CDFFBE6}.Debug|Any CPU.ActiveCfg = Debug|Any CPU
		{1262090F-EDB2-47F1-AC69-48195CDFFBE6}.Debug|Any CPU.Build.0 = Debug|Any CPU
		{1262090F-EDB2-47F1-AC69-48195CDFFBE6}.Debug|x64.ActiveCfg = Debug|Any CPU
		{1262090F-EDB2-47F1-AC69-48195CDFFBE6}.Debug|x64.Build.0 = Debug|Any CPU
		{1262090F-EDB2-47F1-AC69-48195CDFFBE6}.Debug|x86.ActiveCfg = Debug|Any CPU
		{1262090F-EDB2-47F1-AC69-48195CDFFBE6}.Debug|x86.Build.0 = Debug|Any CPU
		{1262090F-EDB2-47F1-AC69-48195CDFFBE6}.Release|Any CPU.ActiveCfg = Release|Any CPU
		{1262090F-EDB2-47F1-AC69-48195CDFFBE6}.Release|Any CPU.Build.0 = Release|Any CPU
		{1262090F-EDB2-47F1-AC69-48195CDFFBE6}.Release|x64.ActiveCfg = Release|Any CPU
		{1262090F-EDB2-47F1-AC69-48195CDFFBE6}.Release|x64.Build.0 = Release|Any CPU
		{1262090F-EDB2-47F1-AC69-48195CDFFBE6}.Release|x86.ActiveCfg = Release|Any CPU
		{1262090F-EDB2-47F1-AC69-48195CDFFBE6}.Release|x86.Build.0 = Release|Any CPU
		{E82D600B-2C44-4458-AB68-BCC25DE16631}.Debug|Any CPU.ActiveCfg = Debug|Any CPU
		{E82D600B-2C44-4458-AB68-BCC25DE16631}.Debug|Any CPU.Build.0 = Debug|Any CPU
		{E82D600B-2C44-4458-AB68-BCC25DE16631}.Debug|x64.ActiveCfg = Debug|Any CPU
		{E82D600B-2C44-4458-AB68-BCC25DE16631}.Debug|x64.Build.0 = Debug|Any CPU
		{E82D600B-2C44-4458-AB68-BCC25DE16631}.Debug|x86.ActiveCfg = Debug|Any CPU
		{E82D600B-2C44-4458-AB68-BCC25DE16631}.Debug|x86.Build.0 = Debug|Any CPU
		{E82D600B-2C44-4458-AB68-BCC25DE16631}.Release|Any CPU.ActiveCfg = Release|Any CPU
		{E82D600B-2C44-4458-AB68-BCC25DE16631}.Release|Any CPU.Build.0 = Release|Any CPU
		{E82D600B-2C44-4458-AB68-BCC25DE16631}.Release|x64.ActiveCfg = Release|Any CPU
		{E82D600B-2C44-4458-AB68-BCC25DE16631}.Release|x64.Build.0 = Release|Any CPU
		{E82D600B-2C44-4458-AB68-BCC25DE16631}.Release|x86.ActiveCfg = Release|Any CPU
		{E82D600B-2C44-4458-AB68-BCC25DE16631}.Release|x86.Build.0 = Release|Any CPU
		{97AC434A-A072-44E4-B8F3-CCFD87A94F08}.Debug|Any CPU.ActiveCfg = Debug|Any CPU
		{97AC434A-A072-44E4-B8F3-CCFD87A94F08}.Debug|Any CPU.Build.0 = Debug|Any CPU
		{97AC434A-A072-44E4-B8F3-CCFD87A94F08}.Debug|x64.ActiveCfg = Debug|Any CPU
		{97AC434A-A072-44E4-B8F3-CCFD87A94F08}.Debug|x64.Build.0 = Debug|Any CPU
		{97AC434A-A072-44E4-B8F3-CCFD87A94F08}.Debug|x86.ActiveCfg = Debug|Any CPU
		{97AC434A-A072-44E4-B8F3-CCFD87A94F08}.Debug|x86.Build.0 = Debug|Any CPU
		{97AC434A-A072-44E4-B8F3-CCFD87A94F08}.Release|Any CPU.ActiveCfg = Release|Any CPU
		{97AC434A-A072-44E4-B8F3-CCFD87A94F08}.Release|Any CPU.Build.0 = Release|Any CPU
		{97AC434A-A072-44E4-B8F3-CCFD87A94F08}.Release|x64.ActiveCfg = Release|Any CPU
		{97AC434A-A072-44E4-B8F3-CCFD87A94F08}.Release|x64.Build.0 = Release|Any CPU
		{97AC434A-A072-44E4-B8F3-CCFD87A94F08}.Release|x86.ActiveCfg = Release|Any CPU
		{97AC434A-A072-44E4-B8F3-CCFD87A94F08}.Release|x86.Build.0 = Release|Any CPU
	EndGlobalSection
	GlobalSection(SolutionProperties) = preSolution
		HideSolutionNode = FALSE
	EndGlobalSection
	GlobalSection(NestedProjects) = preSolution
		{854C2279-F38E-489F-81C4-F108E91F71BC} = {4365A8C8-7144-4EF6-81D6-9F338605A195}
		{E388AE16-3DE3-4181-AF2F-B880A78584AB} = {12BE367B-569F-4C2E-AC15-876709C119D1}
		{1262090F-EDB2-47F1-AC69-48195CDFFBE6} = {12BE367B-569F-4C2E-AC15-876709C119D1}
		{E82D600B-2C44-4458-AB68-BCC25DE16631} = {12BE367B-569F-4C2E-AC15-876709C119D1}
		{97AC434A-A072-44E4-B8F3-CCFD87A94F08} = {12BE367B-569F-4C2E-AC15-876709C119D1}
	EndGlobalSection
	GlobalSection(ExtensibilityGlobals) = postSolution
		SolutionGuid = {9740C707-08EC-41C2-A199-A861D618296C}
	EndGlobalSection
EndGlobal
